{
  "version": "5",
  "specifiers": {
    "jsr:@core/streamutil@1": "1.0.0",
    "jsr:@hugojosefson/cli@0.16.1": "0.16.1",
    "jsr:@hugojosefson/cli@0.17.0": "0.17.0",
    "jsr:@std/assert@^1.0.19": "1.0.19",
    "jsr:@std/bytes@1": "1.0.6",
    "jsr:@std/bytes@^1.0.6": "1.0.6",
    "jsr:@std/cli@^1.0.32": "1.0.32",
    "jsr:@std/fmt@^1.0.10": "1.0.10",
    "jsr:@std/internal@^1.0.12": "1.0.14",
    "jsr:@std/internal@^1.0.14": "1.0.14",
    "jsr:@std/path@^1.1.6": "1.1.6",
    "jsr:@std/streams@^1.2.0": "1.2.0",
    "npm:@inquirer/core@12.0.3": "12.0.3",
    "npm:conventional-changelog-writer@9.2.1": "9.2.1",
    "npm:conventional-commits-parser@7.1.2": "7.1.2",
    "npm:es-module-lexer@3.0.2": "3.0.2",
    "npm:fork-version@6.3.1": "6.3.1",
    "npm:jsonc-parser@3.3.1": "3.3.1",
    "npm:xstate@5.33.2": "5.33.2",
    "npm:xstate@^5.33.2": "5.33.2",
    "npm:yaml@2.9.1": "2.9.1"
  },
  "jsr": {
    "@core/streamutil@1.0.0": {
      "integrity": "c26ab1647480b6d721800302969cca2b1812c25795a90f16b74b1b6074c9b15b",
      "dependencies": [
        "jsr:@std/bytes@1"
      ]
    },
    "@hugojosefson/cli@0.16.1": {
      "integrity": "ebacda124566f6fc1896af688dae81656a5ad2bc0f64676d2d5a39657953a4f7",
      "dependencies": [
        "jsr:@std/path",
        "npm:@inquirer/core",
        "npm:conventional-changelog-writer",
        "npm:conventional-commits-parser",
        "npm:es-module-lexer",
        "npm:fork-version",
        "npm:jsonc-parser",
        "npm:yaml"
      ]
    },
    "@hugojosefson/cli@0.17.0": {
      "integrity": "f5433a0eb3b4226a8c75fcfd3904da224cda568856fbaf1afc542bd794859db6",
      "dependencies": [
        "jsr:@std/path",
        "npm:@inquirer/core",
        "npm:conventional-changelog-writer",
        "npm:conventional-commits-parser",
        "npm:es-module-lexer",
        "npm:fork-version",
        "npm:jsonc-parser",
        "npm:yaml"
      ]
    },
    "@std/assert@1.0.19": {
      "integrity": "eaada96ee120cb980bc47e040f82814d786fe8162ecc53c91d8df60b8755991e",
      "dependencies": [
        "jsr:@std/internal@^1.0.12"
      ]
    },
    "@std/bytes@1.0.6": {
      "integrity": "f6ac6adbd8ccd99314045f5703e23af0a68d7f7e58364b47d2c7f408aeb5820a"
    },
    "@std/cli@1.0.32": {
      "integrity": "188b3a100d6202d64e3f5bd3d799c7fa4f6d77f92cc65eb7f641c1fa0aa92a66",
      "dependencies": [
        "jsr:@std/internal@^1.0.14"
      ]
    },
    "@std/fmt@1.0.10": {
      "integrity": "90dfba288802ac6de82fb31d0917eb9e4450b9925b954d5e51fc29ac07419db5"
    },
    "@std/internal@1.0.14": {
      "integrity": "291516b3d4c35024d6ffbc0a9df5bf4c64116e05b50012cf846710152d2ffdf7"
    },
    "@std/path@1.1.6": {
      "integrity": "c68485c2a4dfbb5ae3cc74fae4e8c4e5d874cf8a8ed12927917235c758b46cbe",
      "dependencies": [
        "jsr:@std/internal@^1.0.14"
      ]
    },
    "@std/streams@1.2.0": {
      "integrity": "256b934254778f2bf45f5713b934209ff29e9b4b7fd4ec095219966813758c5f",
      "dependencies": [
        "jsr:@std/bytes@^1.0.6"
      ]
    }
  },
  "npm": {
    "@conventional-changelog/template@1.4.0": {
      "integrity": "sha512-aalGyl7dbB5PArRebDIX43ZvBlXrYm9uWzGJ26t+4SzJVPsOuvfILGGbw5X4yX7i50YEmJ8zvbiWnqH/AAnZqg=="
    },
    "@inquirer/ansi@2.0.8": {
      "integrity": "sha512-WpQM+Ti6Z40EFwwt+uL2p4UabT+W179zHp6HhLVOzfbwnVn05IPO/eXIZXGNqcT1jbQ15SujNLzQ39k4QPPxBQ=="
    },
    "@inquirer/core@12.0.3": {
      "integrity": "sha512-wsSy0sznmXwkty+2PzZwx00Cazc/E0r0B7mAzdGROz2Ct+DFZXaK7WDjGZvgjRldxH5ZhFVfF2lgkYrqgOw2KA==",
      "dependencies": [
        "@inquirer/ansi",
        "@inquirer/figures",
        "@inquirer/type",
        "cli-width",
        "fast-wrap-ansi",
        "mute-stream",
        "signal-exit"
      ]
    },
    "@inquirer/figures@2.0.9": {
      "integrity": "sha512-EAWgUTGQ/Umgga51dE3B2PUHbufuXarDfg86uVgoSgNHNNQnyFKcOrQLWVqYMghuSyHh8+2HUH0Js9cTC1WAdg=="
    },
    "@inquirer/type@4.1.1": {
      "integrity": "sha512-yJoHYrMnxIsJZCY+0Vb66Dy3he3kL3e2wOBKhoSwWWAzZAY82emlxwgprCtp6yRixvNRNq9ztfRWQYPNr3Go7A=="
    },
    "@simple-libs/stream-utils@2.0.0": {
      "integrity": "sha512-fCTuZK4QBa+39Oz9l4OGfJfz+GpwCp3AqO7Zch3to99xHPgstVsRFpeQ8LNd2o1Gv8raL2mCFwiaHh7bFSp5DQ=="
    },
    "argue-cli@3.2.0": {
      "integrity": "sha512-VipTB0gXgGIFO2Rg9yEVN5wLt2AurJcZqDbgmYSwPwsykhLrQhs240/bfceev4w68lI8JshoOJIk9uW7tFzROw=="
    },
    "cli-width@4.1.0": {
      "integrity": "sha512-ouuZd4/dm2Sw5Gmqy6bGyNNNe1qt9RpmxveLSO7KcgsTnU7RXfsw+/bukWGo1abgBiMAic068rclZsO4IWmmxQ=="
    },
    "conventional-changelog-writer@9.2.1": {
      "integrity": "sha512-StlYSmW3wLedRaqohJMpP3YuWiAqtgD0/cpsai9frdDkXv7rxj0hRbpJrubPYvJxJsjplONsOobEQnPuS9UgCg==",
      "dependencies": [
        "@conventional-changelog/template",
        "@simple-libs/stream-utils",
        "argue-cli",
        "conventional-commits-filter",
        "semver"
      ],
      "bin": true
    },
    "conventional-commits-filter@6.0.1": {
      "integrity": "sha512-cs+LadpH7Kpw0M3k8wurk+sOVVDAENA0iK4OBOrkL94j5lEVYRJ4j3zd2bhY9qgzyrPqthdcYT3axzRN7AliMg=="
    },
    "conventional-commits-parser@7.1.2": {
      "integrity": "sha512-O+x4N2yH+ijvqWlIyTHsXTAP+algNWgGbjY2duCe8w2vUMvUB95cLRslCPfTMQyLAKlet3bhZTdu6ozn4M+QJQ==",
      "dependencies": [
        "@simple-libs/stream-utils",
        "argue-cli"
      ],
      "bin": true
    },
    "dom-serializer@3.1.1": {
      "integrity": "sha512-4MEa38/QexBob6gFNwu+EGdWvhJ1OKuNwdYY3Y3NyeWDQfnGeDYQUDfIRzWu5B5gsv03so2Uxd28YC6zrsx3Lw==",
      "dependencies": [
        "domelementtype",
        "domhandler",
        "entities"
      ]
    },
    "domelementtype@3.0.0": {
      "integrity": "sha512-umCQid3jKbDmVjx8jGaW7uUykm4DEUeyV21hPxNMo2nV955DhUThwqyOIDtreepP31hl84X7G5U9ZfsWvIB3Pg=="
    },
    "domhandler@6.0.1": {
      "integrity": "sha512-gYzvtM72ZtxQO0T048kd6HWSbbGCNOUwcnfQ01cqIJ4X2IYKFFHZ5mKvrQETcFXxsRObZulDaKmy//R7TPtsBg==",
      "dependencies": [
        "domelementtype"
      ]
    },
    "domutils@4.0.2": {
      "integrity": "sha512-qI4JLRKnSzqFqr7hAlS5xQDusBCjKSEG4t4+7aNrIQMHBcsC2TGEhuyABJdYkgSewL57PNLYEiibY2iPKhKpaA==",
      "dependencies": [
        "dom-serializer",
        "domelementtype",
        "domhandler"
      ]
    },
    "entities@8.1.0": {
      "integrity": "sha512-kxL7msIffSuh9aaFAMD7rxAIuTRMAHMeBtgHW2yUdWw732ZNh4MehkF2gdjvtdmikkaIP9bFDDJOPlsvm7avrA=="
    },
    "es-module-lexer@3.0.2": {
      "integrity": "sha512-BuIB67FngDSyQ/dpQNOZybwdEBDUGJQvOqwWr4ha/ufYiqzuEwPkKO2zLhRAgay28tStRIHUeWmszZAJo3GCOg=="
    },
    "fast-string-truncated-width@3.0.3": {
      "integrity": "sha512-0jjjIEL6+0jag3l2XWWizO64/aZVtpiGE3t0Zgqxv0DPuxiMjvB3M24fCyhZUO4KomJQPj3LTSUnDP3GpdwC0g=="
    },
    "fast-string-width@3.0.2": {
      "integrity": "sha512-gX8LrtNEI5hq8DVUfRQMbr5lpaS4nMIWV+7XEbXk2b8kiQIizgnlr12B4dA3ZEx3308ze0O4Q1R+cHts8kyUJg==",
      "dependencies": [
        "fast-string-truncated-width"
      ]
    },
    "fast-wrap-ansi@0.2.2": {
      "integrity": "sha512-7F2Fl+TjRSenLqlU3UjSH0iyqopqoZIu7eZVpEirP2g1GtWa2G/ecEmBdgz31+Mxr+ELclgg6sokpSFIQiZ02Q==",
      "dependencies": [
        "fast-string-width"
      ]
    },
    "fork-version@6.3.1": {
      "integrity": "sha512-G+7yajp3VdZs4MBBbLk7XIJzbCqjwsurImB112V5SKkv7lWR70LMVGYZ2i7aPLHNCUgFBk5z9Cw9xZuSEPg4dQ==",
      "dependencies": [
        "domhandler",
        "handlebars",
        "htmlparser2",
        "jiti",
        "jsonc-parser",
        "semver",
        "yaml@2.9.0",
        "zod"
      ],
      "bin": true
    },
    "handlebars@4.7.9": {
      "integrity": "sha512-4E71E0rpOaQuJR2A3xDZ+GM1HyWYv1clR58tC8emQNeQe3RH7MAzSbat+V0wG78LQBo6m6bzSG/L4pBuCsgnUQ==",
      "dependencies": [
        "minimist",
        "neo-async",
        "source-map",
        "wordwrap"
      ],
      "optionalDependencies": [
        "uglify-js"
      ],
      "bin": true
    },
    "htmlparser2@12.0.0": {
      "integrity": "sha512-Tz7u1i95/g2x2jz81+x0FBVhBhY5aRTvD3tXXdFaljuNdzDLJ8UGNRrTcj2cgQvAg3iW/h77Fz15nLW0L0CrZw==",
      "dependencies": [
        "domelementtype",
        "domhandler",
        "domutils",
        "entities"
      ]
    },
    "jiti@2.7.0": {
      "integrity": "sha512-AC/7JofJvZGrrneWNaEnJeOLUx+JlGt7tNa0wZiRPT4MY1wmfKjt2+6O2p2uz2+skll8OZZmJMNqeke7kKbNgQ==",
      "bin": true
    },
    "jsonc-parser@3.3.1": {
      "integrity": "sha512-HUgH65KyejrUFPvHFPbqOY0rsFip3Bo5wb4ngvdi1EpCYWUQDC5V+Y7mZws+DLkr4M//zQJoanu1SP+87Dv1oQ=="
    },
    "minimist@1.2.8": {
      "integrity": "sha512-2yyAR8qBkN3YuheJanUpWC5U3bb5osDywNB8RzDVlDwDHbocAJveqqj1u8+SVD7jkWT4yvsHCpWqqWqAxb0zCA=="
    },
    "mute-stream@3.0.0": {
      "integrity": "sha512-dkEJPVvun4FryqBmZ5KhDo0K9iDXAwn08tMLDinNdRBNPcYEDiWYysLcc6k3mjTMlbP9KyylvRpd4wFtwrT9rw=="
    },
    "neo-async@2.6.2": {
      "integrity": "sha512-Yd3UES5mWCSqR+qNT93S3UoYUkqAZ9lLg8a7g9rimsWmYGK8cVToA4/sF3RrshdyV3sAGMXVUmpMYOw+dLpOuw=="
    },
    "semver@7.8.5": {
      "integrity": "sha512-Y7/KDsb8LjooZpwaqGyulO6DQlksgCncchHGk+sZIY4SBvUocMBEFH5Ur1fI4dV+Jvl0w6cjvucaIi40puRioA==",
      "bin": true
    },
    "signal-exit@4.1.0": {
      "integrity": "sha512-bzyZ1e88w9O1iNJbKnOlvYTrWPDl46O1bG0D3XInv+9tkPrxrN8jUUTiFlDkkmKWgn1M6CfIA13SuGqOa9Korw=="
    },
    "source-map@0.6.1": {
      "integrity": "sha512-UjgapumWlbMhkBgzT7Ykc5YXUT46F0iKu8SGXq0bcwP5dz/h0Plj6enJqjz1Zbq2l5WaqYnrVbwWOWMyF3F47g=="
    },
    "uglify-js@3.19.3": {
      "integrity": "sha512-v3Xu+yuwBXisp6QYTcH4UbH+xYJXqnq2m/LtQVWKWzYc1iehYnLixoQDN9FH6/j9/oybfd6W9Ghwkl8+UMKTKQ==",
      "bin": true
    },
    "wordwrap@1.0.0": {
      "integrity": "sha512-gvVzJFlPycKc5dZN4yPkP8w7Dc37BtP1yczEneOb4uq34pXZcvrtRTmWV8W+Ume+XCxKgbjM+nevkyFPMybd4Q=="
    },
    "xstate@5.33.2": {
      "integrity": "sha512-8tC7yXgeCvpT8gKEeEje6ikJJG1wpnoLiXe+HfECW8m10ubMd3QxKOwWA8KxPJVBcLwfdRoMKYxIBGYKmo37/A=="
    },
    "yaml@2.9.0": {
      "integrity": "sha512-2AvhNX3mb8zd6Zy7INTtSpl1F15HW6Wnqj0srWlkKLcpYl/gMIMJiyuGq2KeI2YFxUPjdlB+3Lc10seMLtL4cA==",
      "bin": true
    },
    "yaml@2.9.1": {
      "integrity": "sha512-3NxN8+78OdzbT7C/WjGsyfPAtJaN3FNDsWxv7Y7mcDsT/oOmgW8BpyQQFFBnvZE3j9Y2Sdz1ULFLezL7Eb2yFw==",
      "bin": true
    },
    "zod@4.4.3": {
      "integrity": "sha512-ytENFjIJFl2UwYglde2jchW2Hwm4GJFLDiSXWdTrJQBIN9Fcyp7n4DhxJEiWNAJMV1/BqWfW/kkg71UDcHJyTQ=="
    }
  },
  "workspace": {
    "dependencies": [
      "jsr:@core/streamutil@1",
      "jsr:@std/assert@^1.0.19",
      "jsr:@std/cli@^1.0.32",
      "jsr:@std/fmt@^1.0.10",
      "jsr:@std/streams@^1.2.0",
      "npm:xstate@^5.33.2"
    ]
  }
}
